// !$*UTF8*$!
{
	archiveVersion = 1;
	classes = {
	};
	objectVersion = 56;
	objects = {

/* Begin PBXBuildFile section */
		A00000000000000000000001 /* main.swift in Sources */ = {isa = PBXBuildFile; fileRef = B00000000000000000000001 /* main.swift */; };
		A00000000000000000000002 /* Imposition.swift in Sources */ = {isa = PBXBuildFile; fileRef = B00000000000000000000002 /* Imposition.swift */; };
		A00000000000000000000003 /* Assets.xcassets in Resources */ = {isa = PBXBuildFile; fileRef = B00000000000000000000003 /* Assets.xcassets */; };
		A00000000000000000000004 /* AppKit.framework in Frameworks */ = {isa = PBXBuildFile; fileRef = B00000000000000000000007 /* AppKit.framework */; };
		A00000000000000000000005 /* PDFKit.framework in Frameworks */ = {isa = PBXBuildFile; fileRef = B00000000000000000000008 /* PDFKit.framework */; };
		A00000000000000000000006 /* UniformTypeIdentifiers.framework in Frameworks */ = {isa = PBXBuildFile; fileRef = B00000000000000000000009 /* UniformTypeIdentifiers.framework */; };
/* End PBXBuildFile section */

/* Begin PBXFileReference section */
		B00000000000000000000001 /* main.swift */ = {isa = PBXFileReference; lastKnownFileType = sourcecode.swift; path = main.swift; sourceTree = "<group>"; };
		B00000000000000000000002 /* Imposition.swift */ = {isa = PBXFileReference; lastKnownFileType = sourcecode.swift; path = Imposition.swift; sourceTree = "<group>"; };
		B00000000000000000000003 /* Assets.xcassets */ = {isa = PBXFileReference; lastKnownFileType = folder.assetcatalog; path = Assets.xcassets; sourceTree = "<group>"; };
		B00000000000000000000004 /* Info.plist */ = {isa = PBXFileReference; lastKnownFileType = text.plist.xml; path = Info.plist; sourceTree = "<group>"; };
		B00000000000000000000005 /* PDFPinPrint.entitlements */ = {isa = PBXFileReference; lastKnownFileType = text.plist.entitlements; path = PDFPinPrint.entitlements; sourceTree = "<group>"; };
		B00000000000000000000006 /* PDF拼印.app */ = {isa = PBXFileReference; explicitFileType = wrapper.application; includeInIndex = 0; path = "PDF拼印.app"; sourceTree = BUILT_PRODUCTS_DIR; };
		B00000000000000000000007 /* AppKit.framework */ = {isa = PBXFileReference; lastKnownFileType = wrapper.framework; name = AppKit.framework; path = System/Library/Frameworks/AppKit.framework; sourceTree = SDKROOT; };
		B00000000000000000000008 /* PDFKit.framework */ = {isa = PBXFileReference; lastKnownFileType = wrapper.framework; name = PDFKit.framework; path = System/Library/Frameworks/PDFKit.framework; sourceTree = SDKROOT; };
		B00000000000000000000009 /* UniformTypeIdentifiers.framework */ = {isa = PBXFileReference; lastKnownFileType = wrapper.framework; name = UniformTypeIdentifiers.framework; path = System/Library/Frameworks/UniformTypeIdentifiers.framework; sourceTree = SDKROOT; };
/* End PBXFileReference section */

/* Begin PBXFrameworksBuildPhase section */
		D00000000000000000000002 /* Frameworks */ = {
			isa = PBXFrameworksBuildPhase;
			buildActionMask = 2147483647;
			files = (
				A00000000000000000000004 /* AppKit.framework in Frameworks */,
				A00000000000000000000005 /* PDFKit.framework in Frameworks */,
				A00000000000000000000006 /* UniformTypeIdentifiers.framework in Frameworks */,
			);
			runOnlyForDeploymentPostprocessing = 0;
		};
/* End PBXFrameworksBuildPhase section */

/* Begin PBXGroup section */
		C00000000000000000000001 = {
			isa = PBXGroup;
			children = (
				C00000000000000000000002 /* Sources */,
				C00000000000000000000003 /* Resources */,
				B00000000000000000000004 /* Info.plist */,
				B00000000000000000000005 /* PDFPinPrint.entitlements */,
				C00000000000000000000005 /* Frameworks */,
				C00000000000000000000004 /* Products */,
			);
			sourceTree = "<group>";
		};
		C00000000000000000000002 /* Sources */ = {
			isa = PBXGroup;
			children = (
				B00000000000000000000001 /* main.swift */,
				B00000000000000000000002 /* Imposition.swift */,
			);
			path = Sources;
			sourceTree = "<group>";
		};
		C00000000000000000000003 /* Resources */ = {
			isa = PBXGroup;
			children = (
				B00000000000000000000003 /* Assets.xcassets */,
			);
			path = Resources;
			sourceTree = "<group>";
		};
		C00000000000000000000004 /* Products */ = {
			isa = PBXGroup;
			children = (
				B00000000000000000000006 /* PDF拼印.app */,
			);
			name = Products;
			sourceTree = "<group>";
		};
		C00000000000000000000005 /* Frameworks */ = {
			isa = PBXGroup;
			children = (
				B00000000000000000000007 /* AppKit.framework */,
				B00000000000000000000008 /* PDFKit.framework */,
				B00000000000000000000009 /* UniformTypeIdentifiers.framework */,
			);
			name = Frameworks;
			sourceTree = "<group>";
		};
/* End PBXGroup section */

/* Begin PBXNativeTarget section */
		F00000000000000000000001 /* PDFPinPrint */ = {
			isa = PBXNativeTarget;
			buildConfigurationList = H00000000000000000000002 /* Build configuration list for PBXNativeTarget "PDFPinPrint" */;
			buildPhases = (
				D00000000000000000000001 /* Sources */,
				D00000000000000000000002 /* Frameworks */,
				D00000000000000000000003 /* Resources */,
			);
			buildRules = (
			);
			dependencies = (
			);
			name = PDFPinPrint;
			productName = PDFPinPrint;
			productReference = B00000000000000000000006 /* PDF拼印.app */;
			productType = "com.apple.product-type.application";
		};
/* End PBXNativeTarget section */

/* Begin PBXProject section */
		E00000000000000000000001 /* Project object */ = {
			isa = PBXProject;
			attributes = {
				BuildIndependentTargetsInParallel = 1;
				LastSwiftUpdateCheck = 2660;
				LastUpgradeCheck = 2660;
				TargetAttributes = {
					F00000000000000000000001 = {
						CreatedOnToolsVersion = 26.6;
						SystemCapabilities = {
							com.apple.Sandbox = {
								enabled = 1;
							};
						};
					};
				};
			};
			buildConfigurationList = H00000000000000000000001 /* Build configuration list for PBXProject "PDFPinPrint" */;
			compatibilityVersion = "Xcode 14.0";
			developmentRegion = zh_CN;
			hasScannedForEncodings = 0;
			knownRegions = (
				en,
				Base,
				zh_CN,
			);
			mainGroup = C00000000000000000000001;
			productRefGroup = C00000000000000000000004 /* Products */;
			projectDirPath = "";
			projectRoot = "";
			targets = (
				F00000000000000000000001 /* PDFPinPrint */,
			);
		};
/* End PBXProject section */

/* Begin PBXResourcesBuildPhase section */
		D00000000000000000000003 /* Resources */ = {
			isa = PBXResourcesBuildPhase;
			buildActionMask = 2147483647;
			files = (
				A00000000000000000000003 /* Assets.xcassets in Resources */,
			);
			runOnlyForDeploymentPostprocessing = 0;
		};
/* End PBXResourcesBuildPhase section */

/* Begin PBXSourcesBuildPhase section */
		D00000000000000000000001 /* Sources */ = {
			isa = PBXSourcesBuildPhase;
			buildActionMask = 2147483647;
			files = (
				A00000000000000000000002 /* Imposition.swift in Sources */,
				A00000000000000000000001 /* main.swift in Sources */,
			);
			runOnlyForDeploymentPostprocessing = 0;
		};
/* End PBXSourcesBuildPhase section */

/* Begin XCBuildConfiguration section */
		G00000000000000000000001 /* Debug */ = {
			isa = XCBuildConfiguration;
			buildSettings = {
				ALWAYS_SEARCH_USER_PATHS = NO;
				CLANG_ENABLE_MODULES = YES;
				COPY_PHASE_STRIP = NO;
				DEBUG_INFORMATION_FORMAT = dwarf;
				ENABLE_STRICT_OBJC_MSGSEND = YES;
				GCC_C_LANGUAGE_STANDARD = gnu17;
				GCC_NO_COMMON_BLOCKS = YES;
				GCC_OPTIMIZATION_LEVEL = 0;
				MACOSX_DEPLOYMENT_TARGET = 13.0;
				ONLY_ACTIVE_ARCH = YES;
				SDKROOT = macosx;
				SWIFT_ACTIVE_COMPILATION_CONDITIONS = DEBUG;
				SWIFT_OPTIMIZATION_LEVEL = "-Onone";
			};
			name = Debug;
		};
		G00000000000000000000002 /* Release */ = {
			isa = XCBuildConfiguration;
			buildSettings = {
				ALWAYS_SEARCH_USER_PATHS = NO;
				CLANG_ENABLE_MODULES = YES;
				COPY_PHASE_STRIP = YES;
				DEBUG_INFORMATION_FORMAT = "dwarf-with-dsym";
				ENABLE_STRICT_OBJC_MSGSEND = YES;
				GCC_C_LANGUAGE_STANDARD = gnu17;
				GCC_NO_COMMON_BLOCKS = YES;
				MACOSX_DEPLOYMENT_TARGET = 13.0;
				SDKROOT = macosx;
				SWIFT_COMPILATION_MODE = wholemodule;
				SWIFT_OPTIMIZATION_LEVEL = "-O";
				VALIDATE_PRODUCT = YES;
			};
			name = Release;
		};
		G00000000000000000000003 /* Debug */ = {
			isa = XCBuildConfiguration;
			buildSettings = {
				ASSETCATALOG_COMPILER_APPICON_NAME = AppIcon;
				CODE_SIGN_ENTITLEMENTS = PDFPinPrint.entitlements;
				CODE_SIGN_STYLE = Automatic;
				CURRENT_PROJECT_VERSION = 10;
				ENABLE_APP_SANDBOX = YES;
				ENABLE_HARDENED_RUNTIME = YES;
				EXECUTABLE_NAME = PDFPrint;
				GENERATE_INFOPLIST_FILE = NO;
				INFOPLIST_FILE = Info.plist;
				LD_RUNPATH_SEARCH_PATHS = (
					"$(inherited)",
					"@executable_path/../Frameworks",
				);
				MARKETING_VERSION = 1.1.0;
				PRODUCT_BUNDLE_IDENTIFIER = com.songningning.pdfpinprint;
				PRODUCT_NAME = "PDF拼印";
				SWIFT_EMIT_LOC_STRINGS = YES;
				SWIFT_VERSION = 5.0;
			};
			name = Debug;
		};
		G00000000000000000000004 /* Release */ = {
			isa = XCBuildConfiguration;
			buildSettings = {
				ASSETCATALOG_COMPILER_APPICON_NAME = AppIcon;
				CODE_SIGN_ENTITLEMENTS = PDFPinPrint.entitlements;
				CODE_SIGN_STYLE = Automatic;
				CURRENT_PROJECT_VERSION = 10;
				ENABLE_APP_SANDBOX = YES;
				ENABLE_HARDENED_RUNTIME = YES;
				EXECUTABLE_NAME = PDFPrint;
				GENERATE_INFOPLIST_FILE = NO;
				INFOPLIST_FILE = Info.plist;
				LD_RUNPATH_SEARCH_PATHS = (
					"$(inherited)",
					"@executable_path/../Frameworks",
				);
				MARKETING_VERSION = 1.1.0;
				PRODUCT_BUNDLE_IDENTIFIER = com.songningning.pdfpinprint;
				PRODUCT_NAME = "PDF拼印";
				SWIFT_EMIT_LOC_STRINGS = YES;
				SWIFT_VERSION = 5.0;
			};
			name = Release;
		};
/* End XCBuildConfiguration section */

/* Begin XCConfigurationList section */
		H00000000000000000000001 /* Build configuration list for PBXProject "PDFPinPrint" */ = {
			isa = XCConfigurationList;
			buildConfigurations = (
				G00000000000000000000001 /* Debug */,
				G00000000000000000000002 /* Release */,
			);
			defaultConfigurationIsVisible = 0;
			defaultConfigurationName = Release;
		};
		H00000000000000000000002 /* Build configuration list for PBXNativeTarget "PDFPinPrint" */ = {
			isa = XCConfigurationList;
			buildConfigurations = (
				G00000000000000000000003 /* Debug */,
				G00000000000000000000004 /* Release */,
			);
			defaultConfigurationIsVisible = 0;
			defaultConfigurationName = Release;
		};
/* End XCConfigurationList section */
	};
	rootObject = E00000000000000000000001 /* Project object */;
}
